// !$*UTF8*$!
{
	archiveVersion = 1;
	classes = {
	};
	objectVersion = 55;
	objects = {

/* Begin PBXBuildFile section */
		F1378301291C23B200AB4C3C /* AppDelegate.swift in Sources */ = {isa = PBXBuildFile; fileRef = F1378300291C23B200AB4C3C /* AppDelegate.swift */; };
		F1378303291C23B200AB4C3C /* SceneDelegate.swift in Sources */ = {isa = PBXBuildFile; fileRef = F1378302291C23B200AB4C3C /* SceneDelegate.swift */; };
		F1378305291C23B200AB4C3C /* ViewController.swift in Sources */ = {isa = PBXBuildFile; fileRef = F1378304291C23B200AB4C3C /* ViewController.swift */; };
		F1378308291C23B200AB4C3C /* Main.storyboard in Resources */ = {isa = PBXBuildFile; fileRef = F1378306291C23B200AB4C3C /* Main.storyboard */; };
		F137830A291C23B400AB4C3C /* Assets.xcassets in Resources */ = {isa = PBXBuildFile; fileRef = F1378309291C23B400AB4C3C /* Assets.xcassets */; };
		F137830D291C23B400AB4C3C /* LaunchScreen.storyboard in Resources */ = {isa = PBXBuildFile; fileRef = F137830B291C23B400AB4C3C /* LaunchScreen.storyboard */; };
		F1378318291C23B400AB4C3C /* CoreGraphicsDemoTests.swift in Sources */ = {isa = PBXBuildFile; fileRef = F1378317291C23B400AB4C3C /* CoreGraphicsDemoTests.swift */; };
		F1378322291C23B400AB4C3C /* CoreGraphicsDemoUITests.swift in Sources */ = {isa = PBXBuildFile; fileRef = F1378321291C23B400AB4C3C /* CoreGraphicsDemoUITests.swift */; };
		F1378324291C23B400AB4C3C /* CoreGraphicsDemoUITestsLaunchTests.swift in Sources */ = {isa = PBXBuildFile; fileRef = F1378323291C23B400AB4C3C /* CoreGraphicsDemoUITestsLaunchTests.swift */; };
		F1378332291C23CB00AB4C3C /* CircularProgressView.swift in Sources */ = {isa = PBXBuildFile; fileRef = F1378331291C23CB00AB4C3C /* CircularProgressView.swift */; };
		F1DE929F2922315D0033E2FE /* OtpStackView.swift in Sources */ = {isa = PBXBuildFile; fileRef = F1DE929E2922315D0033E2FE /* OtpStackView.swift */; };
		F1DE92A1292231A40033E2FE /* OTPTextField.swift in Sources */ = {isa = PBXBuildFile; fileRef = F1DE92A0292231A40033E2FE /* OTPTextField.swift */; };
/* End PBXBuildFile section */

/* Begin PBXContainerItemProxy section */
		F1378314291C23B400AB4C3C /* PBXContainerItemProxy */ = {
			isa = PBXContainerItemProxy;
			containerPortal = F13782F5291C23B200AB4C3C /* Project object */;
			proxyType = 1;
			remoteGlobalIDString = F13782FC291C23B200AB4C3C;
			remoteInfo = CoreGraphicsDemo;
		};
		F137831E291C23B400AB4C3C /* PBXContainerItemProxy */ = {
			isa = PBXContainerItemProxy;
			containerPortal = F13782F5291C23B200AB4C3C /* Project object */;
			proxyType = 1;
			remoteGlobalIDString = F13782FC291C23B200AB4C3C;
			remoteInfo = CoreGraphicsDemo;
		};
/* End PBXContainerItemProxy section */

/* Begin PBXFileReference section */
		F13782FD291C23B200AB4C3C /* CoreGraphicsDemo.app */ = {isa = PBXFileReference; explicitFileType = wrapper.application; includeInIndex = 0; path = CoreGraphicsDemo.app; sourceTree = BUILT_PRODUCTS_DIR; };
		F1378300291C23B200AB4C3C /* AppDelegate.swift */ = {isa = PBXFileReference; lastKnownFileType = sourcecode.swift; path = AppDelegate.swift; sourceTree = "<group>"; };
		F1378302291C23B200AB4C3C /* SceneDelegate.swift */ = {isa = PBXFileReference; lastKnownFileType = sourcecode.swift; path = SceneDelegate.swift; sourceTree = "<group>"; };
		F1378304291C23B200AB4C3C /* ViewController.swift */ = {isa = PBXFileReference; lastKnownFileType = sourcecode.swift; path = ViewController.swift; sourceTree = "<group>"; };
		F1378307291C23B200AB4C3C /* Base */ = {isa = PBXFileReference; lastKnownFileType = file.storyboard; name = Base; path = Base.lproj/Main.storyboard; sourceTree = "<group>"; };
		F1378309291C23B400AB4C3C /* Assets.xcassets */ = {isa = PBXFileReference; lastKnownFileType = folder.assetcatalog; path = Assets.xcassets; sourceTree = "<group>"; };
		F137830C291C23B400AB4C3C /* Base */ = {isa = PBXFileReference; lastKnownFileType = file.storyboard; name = Base; path = Base.lproj/LaunchScreen.storyboard; sourceTree = "<group>"; };
		F137830E291C23B400AB4C3C /* Info.plist */ = {isa = PBXFileReference; lastKnownFileType = text.plist.xml; path = Info.plist; sourceTree = "<group>"; };
		F1378313291C23B400AB4C3C /* CoreGraphicsDemoTests.xctest */ = {isa = PBXFileReference; explicitFileType = wrapper.cfbundle; includeInIndex = 0; path = CoreGraphicsDemoTests.xctest; sourceTree = BUILT_PRODUCTS_DIR; };
		F1378317291C23B400AB4C3C /* CoreGraphicsDemoTests.swift */ = {isa = PBXFileReference; lastKnownFileType = sourcecode.swift; path = CoreGraphicsDemoTests.swift; sourceTree = "<group>"; };
		F137831D291C23B400AB4C3C /* CoreGraphicsDemoUITests.xctest */ = {isa = PBXFileReference; explicitFileType = wrapper.cfbundle; includeInIndex = 0; path = CoreGraphicsDemoUITests.xctest; sourceTree = BUILT_PRODUCTS_DIR; };
		F1378321291C23B400AB4C3C /* CoreGraphicsDemoUITests.swift */ = {isa = PBXFileReference; lastKnownFileType = sourcecode.swift; path = CoreGraphicsDemoUITests.swift; sourceTree = "<group>"; };
		F1378323291C23B400AB4C3C /* CoreGraphicsDemoUITestsLaunchTests.swift */ = {isa = PBXFileReference; lastKnownFileType = sourcecode.swift; path = CoreGraphicsDemoUITestsLaunchTests.swift; sourceTree = "<group>"; };
		F1378331291C23CB00AB4C3C /* CircularProgressView.swift */ = {isa = PBXFileReference; fileEncoding = 4; lastKnownFileType = sourcecode.swift; path = CircularProgressView.swift; sourceTree = "<group>"; };
		F1DE929E2922315D0033E2FE /* OtpStackView.swift */ = {isa = PBXFileReference; lastKnownFileType = sourcecode.swift; path = OtpStackView.swift; sourceTree = "<group>"; };
		F1DE92A0292231A40033E2FE /* OTPTextField.swift */ = {isa = PBXFileReference; lastKnownFileType = sourcecode.swift; path = OTPTextField.swift; sourceTree = "<group>"; };
/* End PBXFileReference section */

/* Begin PBXFrameworksBuildPhase section */
		F13782FA291C23B200AB4C3C /* Frameworks */ = {
			isa = PBXFrameworksBuildPhase;
			buildActionMask = 2147483647;
			files = (
			);
			runOnlyForDeploymentPostprocessing = 0;
		};
		F1378310291C23B400AB4C3C /* Frameworks */ = {
			isa = PBXFrameworksBuildPhase;
			buildActionMask = 2147483647;
			files = (
			);
			runOnlyForDeploymentPostprocessing = 0;
		};
		F137831A291C23B400AB4C3C /* Frameworks */ = {
			isa = PBXFrameworksBuildPhase;
			buildActionMask = 2147483647;
			files = (
			);
			runOnlyForDeploymentPostprocessing = 0;
		};
/* End PBXFrameworksBuildPhase section */

/* Begin PBXGroup section */
		F13782F4291C23B200AB4C3C = {
			isa = PBXGroup;
			children = (
				F13782FF291C23B200AB4C3C /* CoreGraphicsDemo */,
				F1378316291C23B400AB4C3C /* CoreGraphicsDemoTests */,
				F1378320291C23B400AB4C3C /* CoreGraphicsDemoUITests */,
				F13782FE291C23B200AB4C3C /* Products */,
			);
			sourceTree = "<group>";
		};
		F13782FE291C23B200AB4C3C /* Products */ = {
			isa = PBXGroup;
			children = (
				F13782FD291C23B200AB4C3C /* CoreGraphicsDemo.app */,
				F1378313291C23B400AB4C3C /* CoreGraphicsDemoTests.xctest */,
				F137831D291C23B400AB4C3C /* CoreGraphicsDemoUITests.xctest */,
			);
			name = Products;
			sourceTree = "<group>";
		};
		F13782FF291C23B200AB4C3C /* CoreGraphicsDemo */ = {
			isa = PBXGroup;
			children = (
				F1DE929D2922312F0033E2FE /* OtpStackView */,
				F1378300291C23B200AB4C3C /* AppDelegate.swift */,
				F1378302291C23B200AB4C3C /* SceneDelegate.swift */,
				F1378304291C23B200AB4C3C /* ViewController.swift */,
				F1378330291C23CB00AB4C3C /* CircularProgressBar */,
				F1378306291C23B200AB4C3C /* Main.storyboard */,
				F1378309291C23B400AB4C3C /* Assets.xcassets */,
				F137830B291C23B400AB4C3C /* LaunchScreen.storyboard */,
				F137830E291C23B400AB4C3C /* Info.plist */,
			);
			path = CoreGraphicsDemo;
			sourceTree = "<group>";
		};
		F1378316291C23B400AB4C3C /* CoreGraphicsDemoTests */ = {
			isa = PBXGroup;
			children = (
				F1378317291C23B400AB4C3C /* CoreGraphicsDemoTests.swift */,
			);
			path = CoreGraphicsDemoTests;
			sourceTree = "<group>";
		};
		F1378320291C23B400AB4C3C /* CoreGraphicsDemoUITests */ = {
			isa = PBXGroup;
			children = (
				F1378321291C23B400AB4C3C /* CoreGraphicsDemoUITests.swift */,
				F1378323291C23B400AB4C3C /* CoreGraphicsDemoUITestsLaunchTests.swift */,
			);
			path = CoreGraphicsDemoUITests;
			sourceTree = "<group>";
		};
		F1378330291C23CB00AB4C3C /* CircularProgressBar */ = {
			isa = PBXGroup;
			children = (
				F1378331291C23CB00AB4C3C /* CircularProgressView.swift */,
			);
			path = CircularProgressBar;
			sourceTree = "<group>";
		};
		F1DE929D2922312F0033E2FE /* OtpStackView */ = {
			isa = PBXGroup;
			children = (
				F1DE929E2922315D0033E2FE /* OtpStackView.swift */,
				F1DE92A0292231A40033E2FE /* OTPTextField.swift */,
			);
			name = OtpStackView;
			sourceTree = "<group>";
		};
/* End PBXGroup section */

/* Begin PBXNativeTarget section */
		F13782FC291C23B200AB4C3C /* CoreGraphicsDemo */ = {
			isa = PBXNativeTarget;
			buildConfigurationList = F1378327291C23B400AB4C3C /* Build configuration list for PBXNativeTarget "CoreGraphicsDemo" */;
			buildPhases = (
				F13782F9291C23B200AB4C3C /* Sources */,
				F13782FA291C23B200AB4C3C /* Frameworks */,
				F13782FB291C23B200AB4C3C /* Resources */,
			);
			buildRules = (
			);
			dependencies = (
			);
			name = CoreGraphicsDemo;
			productName = CoreGraphicsDemo;
			productReference = F13782FD291C23B200AB4C3C /* CoreGraphicsDemo.app */;
			productType = "com.apple.product-type.application";
		};
		F1378312291C23B400AB4C3C /* CoreGraphicsDemoTests */ = {
			isa = PBXNativeTarget;
			buildConfigurationList = F137832A291C23B400AB4C3C /* Build configuration list for PBXNativeTarget "CoreGraphicsDemoTests" */;
			buildPhases = (
				F137830F291C23B400AB4C3C /* Sources */,
				F1378310291C23B400AB4C3C /* Frameworks */,
				F1378311291C23B400AB4C3C /* Resources */,
			);
			buildRules = (
			);
			dependencies = (
				F1378315291C23B400AB4C3C /* PBXTargetDependency */,
			);
			name = CoreGraphicsDemoTests;
			productName = CoreGraphicsDemoTests;
			productReference = F1378313291C23B400AB4C3C /* CoreGraphicsDemoTests.xctest */;
			productType = "com.apple.product-type.bundle.unit-test";
		};
		F137831C291C23B400AB4C3C /* CoreGraphicsDemoUITests */ = {
			isa = PBXNativeTarget;
			buildConfigurationList = F137832D291C23B400AB4C3C /* Build configuration list for PBXNativeTarget "CoreGraphicsDemoUITests" */;
			buildPhases = (
				F1378319291C23B400AB4C3C /* Sources */,
				F137831A291C23B400AB4C3C /* Frameworks */,
				F137831B291C23B400AB4C3C /* Resources */,
			);
			buildRules = (
			);
			dependencies = (
				F137831F291C23B400AB4C3C /* PBXTargetDependency */,
			);
			name = CoreGraphicsDemoUITests;
			productName = CoreGraphicsDemoUITests;
			productReference = F137831D291C23B400AB4C3C /* CoreGraphicsDemoUITests.xctest */;
			productType = "com.apple.product-type.bundle.ui-testing";
		};
/* End PBXNativeTarget section */

/* Begin PBXProject section */
		F13782F5291C23B200AB4C3C /* Project object */ = {
			isa = PBXProject;
			attributes = {
				BuildIndependentTargetsInParallel = 1;
				LastSwiftUpdateCheck = 1340;
				LastUpgradeCheck = 1340;
				TargetAttributes = {
					F13782FC291C23B200AB4C3C = {
						CreatedOnToolsVersion = 13.4.1;
					};
					F1378312291C23B400AB4C3C = {
						CreatedOnToolsVersion = 13.4.1;
						TestTargetID = F13782FC291C23B200AB4C3C;
					};
					F137831C291C23B400AB4C3C = {
						CreatedOnToolsVersion = 13.4.1;
						TestTargetID = F13782FC291C23B200AB4C3C;
					};
				};
			};
			buildConfigurationList = F13782F8291C23B200AB4C3C /* Build configuration list for PBXProject "CoreGraphicsDemo" */;
			compatibilityVersion = "Xcode 13.0";
			developmentRegion = en;
			hasScannedForEncodings = 0;
			knownRegions = (
				en,
				Base,
			);
			mainGroup = F13782F4291C23B200AB4C3C;
			productRefGroup = F13782FE291C23B200AB4C3C /* Products */;
			projectDirPath = "";
			projectRoot = "";
			targets = (
				F13782FC291C23B200AB4C3C /* CoreGraphicsDemo */,
				F1378312291C23B400AB4C3C /* CoreGraphicsDemoTests */,
				F137831C291C23B400AB4C3C /* CoreGraphicsDemoUITests */,
			);
		};
/* End PBXProject section */

/* Begin PBXResourcesBuildPhase section */
		F13782FB291C23B200AB4C3C /* Resources */ = {
			isa = PBXResourcesBuildPhase;
			buildActionMask = 2147483647;
			files = (
				F137830D291C23B400AB4C3C /* LaunchScreen.storyboard in Resources */,
				F137830A291C23B400AB4C3C /* Assets.xcassets in Resources */,
				F1378308291C23B200AB4C3C /* Main.storyboard in Resources */,
			);
			runOnlyForDeploymentPostprocessing = 0;
		};
		F1378311291C23B400AB4C3C /* Resources */ = {
			isa = PBXResourcesBuildPhase;
			buildActionMask = 2147483647;
			files = (
			);
			runOnlyForDeploymentPostprocessing = 0;
		};
		F137831B291C23B400AB4C3C /* Resources */ = {
			isa = PBXResourcesBuildPhase;
			buildActionMask = 2147483647;
			files = (
			);
			runOnlyForDeploymentPostprocessing = 0;
		};
/* End PBXResourcesBuildPhase section */

/* Begin PBXSourcesBuildPhase section */
		F13782F9291C23B200AB4C3C /* Sources */ = {
			isa = PBXSourcesBuildPhase;
			buildActionMask = 2147483647;
			files = (
				F1378305291C23B200AB4C3C /* ViewController.swift in Sources */,
				F1378301291C23B200AB4C3C /* AppDelegate.swift in Sources */,
				F1378332291C23CB00AB4C3C /* CircularProgressView.swift in Sources */,
				F1DE929F2922315D0033E2FE /* OtpStackView.swift in Sources */,
				F1378303291C23B200AB4C3C /* SceneDelegate.swift in Sources */,
				F1DE92A1292231A40033E2FE /* OTPTextField.swift in Sources */,
			);
			runOnlyForDeploymentPostprocessing = 0;
		};
		F137830F291C23B400AB4C3C /* Sources */ = {
			isa = PBXSourcesBuildPhase;
			buildActionMask = 2147483647;
			files = (
				F1378318291C23B400AB4C3C /* CoreGraphicsDemoTests.swift in Sources */,
			);
			runOnlyForDeploymentPostprocessing = 0;
		};
		F1378319291C23B400AB4C3C /* Sources */ = {
			isa = PBXSourcesBuildPhase;
			buildActionMask = 2147483647;
			files = (
				F1378322291C23B400AB4C3C /* CoreGraphicsDemoUITests.swift in Sources */,
				F1378324291C23B400AB4C3C /* CoreGraphicsDemoUITestsLaunchTests.swift in Sources */,
			);
			runOnlyForDeploymentPostprocessing = 0;
		};
/* End PBXSourcesBuildPhase section */

/* Begin PBXTargetDependency section */
		F1378315291C23B400AB4C3C /* PBXTargetDependency */ = {
			isa = PBXTargetDependency;
			target = F13782FC291C23B200AB4C3C /* CoreGraphicsDemo */;
			targetProxy = F1378314291C23B400AB4C3C /* PBXContainerItemProxy */;
		};
		F137831F291C23B400AB4C3C /* PBXTargetDependency */ = {
			isa = PBXTargetDependency;
			target = F13782FC291C23B200AB4C3C /* CoreGraphicsDemo */;
			targetProxy = F137831E291C23B400AB4C3C /* PBXContainerItemProxy */;
		};
/* End PBXTargetDependency section */

/* Begin PBXVariantGroup section */
		F1378306291C23B200AB4C3C /* Main.storyboard */ = {
			isa = PBXVariantGroup;
			children = (
				F1378307291C23B200AB4C3C /* Base */,
			);
			name = Main.storyboard;
			sourceTree = "<group>";
		};
		F137830B291C23B400AB4C3C /* LaunchScreen.storyboard */ = {
			isa = PBXVariantGroup;
			children = (
				F137830C291C23B400AB4C3C /* Base */,
			);
			name = LaunchScreen.storyboard;
			sourceTree = "<group>";
		};
/* End PBXVariantGroup section */

/* Begin XCBuildConfiguration section */
		F1378325291C23B400AB4C3C /* Debug */ = {
			isa = XCBuildConfiguration;
			buildSettings = {
				ALWAYS_SEARCH_USER_PATHS = NO;
				CLANG_ANALYZER_NONNULL = YES;
				CLANG_ANALYZER_NUMBER_OBJECT_CONVERSION = YES_AGGRESSIVE;
				CLANG_CXX_LANGUAGE_STANDARD = "gnu++17";
				CLANG_ENABLE_MODULES = YES;
				CLANG_ENABLE_OBJC_ARC = YES;
				CLANG_ENABLE_OBJC_WEAK = YES;
				CLANG_WARN_BLOCK_CAPTURE_AUTORELEASING = YES;
				CLANG_WARN_BOOL_CONVERSION = YES;
				CLANG_WARN_COMMA = YES;
				CLANG_WARN_CONSTANT_CONVERSION = YES;
				CLANG_WARN_DEPRECATED_OBJC_IMPLEMENTATIONS = YES;
				CLANG_WARN_DIRECT_OBJC_ISA_USAGE = YES_ERROR;
				CLANG_WARN_DOCUMENTATION_COMMENTS = YES;
				CLANG_WARN_EMPTY_BODY = YES;
				CLANG_WARN_ENUM_CONVERSION = YES;
				CLANG_WARN_INFINITE_RECURSION = YES;
				CLANG_WARN_INT_CONVERSION = YES;
				CLANG_WARN_NON_LITERAL_NULL_CONVERSION = YES;
				CLANG_WARN_OBJC_IMPLICIT_RETAIN_SELF = YES;
				CLANG_WARN_OBJC_LITERAL_CONVERSION = YES;
				CLANG_WARN_OBJC_ROOT_CLASS = YES_ERROR;
				CLANG_WARN_QUOTED_INCLUDE_IN_FRAMEWORK_HEADER = YES;
				CLANG_WARN_RANGE_LOOP_ANALYSIS = YES;
				CLANG_WARN_STRICT_PROTOTYPES = YES;
				CLANG_WARN_SUSPICIOUS_MOVE = YES;
				CLANG_WARN_UNGUARDED_AVAILABILITY = YES_AGGRESSIVE;
				CLANG_WARN_UNREACHABLE_CODE = YES;
				CLANG_WARN__DUPLICATE_METHOD_MATCH = YES;
				COPY_PHASE_STRIP = NO;
				DEBUG_INFORMATION_FORMAT = dwarf;
				ENABLE_STRICT_OBJC_MSGSEND = YES;
				ENABLE_TESTABILITY = YES;
				GCC_C_LANGUAGE_STANDARD = gnu11;
				GCC_DYNAMIC_NO_PIC = NO;
				GCC_NO_COMMON_BLOCKS = YES;
				GCC_OPTIMIZATION_LEVEL = 0;
				GCC_PREPROCESSOR_DEFINITIONS = (
					"DEBUG=1",
					"$(inherited)",
				);
				GCC_WARN_64_TO_32_BIT_CONVERSION = YES;
				GCC_WARN_ABOUT_RETURN_TYPE = YES_ERROR;
				GCC_WARN_UNDECLARED_SELECTOR = YES;
				GCC_WARN_UNINITIALIZED_AUTOS = YES_AGGRESSIVE;
				GCC_WARN_UNUSED_FUNCTION = YES;
				GCC_WARN_UNUSED_VARIABLE = YES;
				IPHONEOS_DEPLOYMENT_TARGET = 15.5;
				MTL_ENABLE_DEBUG_INFO = INCLUDE_SOURCE;
				MTL_FAST_MATH = YES;
				ONLY_ACTIVE_ARCH = YES;
				SDKROOT = iphoneos;
				SWIFT_ACTIVE_COMPILATION_CONDITIONS = DEBUG;
				SWIFT_OPTIMIZATION_LEVEL = "-Onone";
			};
			name = Debug;
		};
		F1378326291C23B400AB4C3C /* Release */ = {
			isa = XCBuildConfiguration;
			buildSettings = {
				ALWAYS_SEARCH_USER_PATHS = NO;
				CLANG_ANALYZER_NONNULL = YES;
				CLANG_ANALYZER_NUMBER_OBJECT_CONVERSION = YES_AGGRESSIVE;
				CLANG_CXX_LANGUAGE_STANDARD = "gnu++17";
				CLANG_ENABLE_MODULES = YES;
				CLANG_ENABLE_OBJC_ARC = YES;
				CLANG_ENABLE_OBJC_WEAK = YES;
				CLANG_WARN_BLOCK_CAPTURE_AUTORELEASING = YES;
				CLANG_WARN_BOOL_CONVERSION = YES;
				CLANG_WARN_COMMA = YES;
				CLANG_WARN_CONSTANT_CONVERSION = YES;
				CLANG_WARN_DEPRECATED_OBJC_IMPLEMENTATIONS = YES;
				CLANG_WARN_DIRECT_OBJC_ISA_USAGE = YES_ERROR;
				CLANG_WARN_DOCUMENTATION_COMMENTS = YES;
				CLANG_WARN_EMPTY_BODY = YES;
				CLANG_WARN_ENUM_CONVERSION = YES;
				CLANG_WARN_INFINITE_RECURSION = YES;
				CLANG_WARN_INT_CONVERSION = YES;
				CLANG_WARN_NON_LITERAL_NULL_CONVERSION = YES;
				CLANG_WARN_OBJC_IMPLICIT_RETAIN_SELF = YES;
				CLANG_WARN_OBJC_LITERAL_CONVERSION = YES;
				CLANG_WARN_OBJC_ROOT_CLASS = YES_ERROR;
				CLANG_WARN_QUOTED_INCLUDE_IN_FRAMEWORK_HEADER = YES;
				CLANG_WARN_RANGE_LOOP_ANALYSIS = YES;
				CLANG_WARN_STRICT_PROTOTYPES = YES;
				CLANG_WARN_SUSPICIOUS_MOVE = YES;
				CLANG_WARN_UNGUARDED_AVAILABILITY = YES_AGGRESSIVE;
				CLANG_WARN_UNREACHABLE_CODE = YES;
				CLANG_WARN__DUPLICATE_METHOD_MATCH = YES;
				COPY_PHASE_STRIP = NO;
				DEBUG_INFORMATION_FORMAT = "dwarf-with-dsym";
				ENABLE_NS_ASSERTIONS = NO;
				ENABLE_STRICT_OBJC_MSGSEND = YES;
				GCC_C_LANGUAGE_STANDARD = gnu11;
				GCC_NO_COMMON_BLOCKS = YES;
				GCC_WARN_64_TO_32_BIT_CONVERSION = YES;
				GCC_WARN_ABOUT_RETURN_TYPE = YES_ERROR;
				GCC_WARN_UNDECLARED_SELECTOR = YES;
				GCC_WARN_UNINITIALIZED_AUTOS = YES_AGGRESSIVE;
				GCC_WARN_UNUSED_FUNCTION = YES;
				GCC_WARN_UNUSED_VARIABLE = YES;
				IPHONEOS_DEPLOYMENT_TARGET = 15.5;
				MTL_ENABLE_DEBUG_INFO = NO;
				MTL_FAST_MATH = YES;
				SDKROOT = iphoneos;
				SWIFT_COMPILATION_MODE = wholemodule;
				SWIFT_OPTIMIZATION_LEVEL = "-O";
				VALIDATE_PRODUCT = YES;
			};
			name = Release;
		};
		F1378328291C23B400AB4C3C /* Debug */ = {
			isa = XCBuildConfiguration;
			buildSettings = {
				ASSETCATALOG_COMPILER_APPICON_NAME = AppIcon;
				ASSETCATALOG_COMPILER_GLOBAL_ACCENT_COLOR_NAME = AccentColor;
				CODE_SIGN_IDENTITY = "Apple Development";
				CODE_SIGN_STYLE = Automatic;
				CURRENT_PROJECT_VERSION = 1;
				DEVELOPMENT_TEAM = 5448ZQBK98;
				GENERATE_INFOPLIST_FILE = YES;
				INFOPLIST_FILE = CoreGraphicsDemo/Info.plist;
				INFOPLIST_KEY_UIApplicationSupportsIndirectInputEvents = YES;
				INFOPLIST_KEY_UILaunchStoryboardName = LaunchScreen;
				INFOPLIST_KEY_UIMainStoryboardFile = Main;
				INFOPLIST_KEY_UISupportedInterfaceOrientations_iPad = "UIInterfaceOrientationPortrait UIInterfaceOrientationPortraitUpsideDown UIInterfaceOrientationLandscapeLeft UIInterfaceOrientationLandscapeRight";
				INFOPLIST_KEY_UISupportedInterfaceOrientations_iPhone = "UIInterfaceOrientationPortrait UIInterfaceOrientationLandscapeLeft UIInterfaceOrientationLandscapeRight";
				LD_RUNPATH_SEARCH_PATHS = (
					"$(inherited)",
					"@executable_path/Frameworks",
				);
				MARKETING_VERSION = 1.0;
				PRODUCT_BUNDLE_IDENTIFIER = com.CoreGraphicsDemo;
				PRODUCT_NAME = "$(TARGET_NAME)";
				PROVISIONING_PROFILE_SPECIFIER = "";
				SWIFT_EMIT_LOC_STRINGS = YES;
				SWIFT_VERSION = 5.0;
				TARGETED_DEVICE_FAMILY = "1,2";
			};
			name = Debug;
		};
		F1378329291C23B400AB4C3C /* Release */ = {
			isa = XCBuildConfiguration;
			buildSettings = {
				ASSETCATALOG_COMPILER_APPICON_NAME = AppIcon;
				ASSETCATALOG_COMPILER_GLOBAL_ACCENT_COLOR_NAME = AccentColor;
				CODE_SIGN_IDENTITY = "Apple Development";
				CODE_SIGN_STYLE = Automatic;
				CURRENT_PROJECT_VERSION = 1;
				DEVELOPMENT_TEAM = 5448ZQBK98;
				GENERATE_INFOPLIST_FILE = YES;
				INFOPLIST_FILE = CoreGraphicsDemo/Info.plist;
				INFOPLIST_KEY_UIApplicationSupportsIndirectInputEvents = YES;
				INFOPLIST_KEY_UILaunchStoryboardName = LaunchScreen;
				INFOPLIST_KEY_UIMainStoryboardFile = Main;
				INFOPLIST_KEY_UISupportedInterfaceOrientations_iPad = "UIInterfaceOrientationPortrait UIInterfaceOrientationPortraitUpsideDown UIInterfaceOrientationLandscapeLeft UIInterfaceOrientationLandscapeRight";
				INFOPLIST_KEY_UISupportedInterfaceOrientations_iPhone = "UIInterfaceOrientationPortrait UIInterfaceOrientationLandscapeLeft UIInterfaceOrientationLandscapeRight";
				LD_RUNPATH_SEARCH_PATHS = (
					"$(inherited)",
					"@executable_path/Frameworks",
				);
				MARKETING_VERSION = 1.0;
				PRODUCT_BUNDLE_IDENTIFIER = com.CoreGraphicsDemo;
				PRODUCT_NAME = "$(TARGET_NAME)";
				PROVISIONING_PROFILE_SPECIFIER = "";
				SWIFT_EMIT_LOC_STRINGS = YES;
				SWIFT_VERSION = 5.0;
				TARGETED_DEVICE_FAMILY = "1,2";
			};
			name = Release;
		};
		F137832B291C23B400AB4C3C /* Debug */ = {
			isa = XCBuildConfiguration;
			buildSettings = {
				ALWAYS_EMBED_SWIFT_STANDARD_LIBRARIES = YES;
				BUNDLE_LOADER = "$(TEST_HOST)";
				CODE_SIGN_STYLE = Automatic;
				CURRENT_PROJECT_VERSION = 1;
				GENERATE_INFOPLIST_FILE = YES;
				IPHONEOS_DEPLOYMENT_TARGET = 15.5;
				MARKETING_VERSION = 1.0;
				PRODUCT_BUNDLE_IDENTIFIER = com.CoreGraphicsDemo.CoreGraphicsDemoTests;
				PRODUCT_NAME = "$(TARGET_NAME)";
				SWIFT_EMIT_LOC_STRINGS = NO;
				SWIFT_VERSION = 5.0;
				TARGETED_DEVICE_FAMILY = "1,2";
				TEST_HOST = "$(BUILT_PRODUCTS_DIR)/CoreGraphicsDemo.app/CoreGraphicsDemo";
			};
			name = Debug;
		};
		F137832C291C23B400AB4C3C /* Release */ = {
			isa = XCBuildConfiguration;
			buildSettings = {
				ALWAYS_EMBED_SWIFT_STANDARD_LIBRARIES = YES;
				BUNDLE_LOADER = "$(TEST_HOST)";
				CODE_SIGN_STYLE = Automatic;
				CURRENT_PROJECT_VERSION = 1;
				GENERATE_INFOPLIST_FILE = YES;
				IPHONEOS_DEPLOYMENT_TARGET = 15.5;
				MARKETING_VERSION = 1.0;
				PRODUCT_BUNDLE_IDENTIFIER = com.CoreGraphicsDemo.CoreGraphicsDemoTests;
				PRODUCT_NAME = "$(TARGET_NAME)";
				SWIFT_EMIT_LOC_STRINGS = NO;
				SWIFT_VERSION = 5.0;
				TARGETED_DEVICE_FAMILY = "1,2";
				TEST_HOST = "$(BUILT_PRODUCTS_DIR)/CoreGraphicsDemo.app/CoreGraphicsDemo";
			};
			name = Release;
		};
		F137832E291C23B400AB4C3C /* Debug */ = {
			isa = XCBuildConfiguration;
			buildSettings = {
				ALWAYS_EMBED_SWIFT_STANDARD_LIBRARIES = YES;
				CODE_SIGN_STYLE = Automatic;
				CURRENT_PROJECT_VERSION = 1;
				GENERATE_INFOPLIST_FILE = YES;
				MARKETING_VERSION = 1.0;
				PRODUCT_BUNDLE_IDENTIFIER = com.CoreGraphicsDemo.CoreGraphicsDemoUITests;
				PRODUCT_NAME = "$(TARGET_NAME)";
				SWIFT_EMIT_LOC_STRINGS = NO;
				SWIFT_VERSION = 5.0;
				TARGETED_DEVICE_FAMILY = "1,2";
				TEST_TARGET_NAME = CoreGraphicsDemo;
			};
			name = Debug;
		};
		F137832F291C23B400AB4C3C /* Release */ = {
			isa = XCBuildConfiguration;
			buildSettings = {
				ALWAYS_EMBED_SWIFT_STANDARD_LIBRARIES = YES;
				CODE_SIGN_STYLE = Automatic;
				CURRENT_PROJECT_VERSION = 1;
				GENERATE_INFOPLIST_FILE = YES;
				MARKETING_VERSION = 1.0;
				PRODUCT_BUNDLE_IDENTIFIER = com.CoreGraphicsDemo.CoreGraphicsDemoUITests;
				PRODUCT_NAME = "$(TARGET_NAME)";
				SWIFT_EMIT_LOC_STRINGS = NO;
				SWIFT_VERSION = 5.0;
				TARGETED_DEVICE_FAMILY = "1,2";
				TEST_TARGET_NAME = CoreGraphicsDemo;
			};
			name = Release;
		};
/* End XCBuildConfiguration section */

/* Begin XCConfigurationList section */
		F13782F8291C23B200AB4C3C /* Build configuration list for PBXProject "CoreGraphicsDemo" */ = {
			isa = XCConfigurationList;
			buildConfigurations = (
				F1378325291C23B400AB4C3C /* Debug */,
				F1378326291C23B400AB4C3C /* Release */,
			);
			defaultConfigurationIsVisible = 0;
			defaultConfigurationName = Release;
		};
		F1378327291C23B400AB4C3C /* Build configuration list for PBXNativeTarget "CoreGraphicsDemo" */ = {
			isa = XCConfigurationList;
			buildConfigurations = (
				F1378328291C23B400AB4C3C /* Debug */,
				F1378329291C23B400AB4C3C /* Release */,
			);
			defaultConfigurationIsVisible = 0;
			defaultConfigurationName = Release;
		};
		F137832A291C23B400AB4C3C /* Build configuration list for PBXNativeTarget "CoreGraphicsDemoTests" */ = {
			isa = XCConfigurationList;
			buildConfigurations = (
				F137832B291C23B400AB4C3C /* Debug */,
				F137832C291C23B400AB4C3C /* Release */,
			);
			defaultConfigurationIsVisible = 0;
			defaultConfigurationName = Release;
		};
		F137832D291C23B400AB4C3C /* Build configuration list for PBXNativeTarget "CoreGraphicsDemoUITests" */ = {
			isa = XCConfigurationList;
			buildConfigurations = (
				F137832E291C23B400AB4C3C /* Debug */,
				F137832F291C23B400AB4C3C /* Release */,
			);
			defaultConfigurationIsVisible = 0;
			defaultConfigurationName = Release;
		};
/* End XCConfigurationList section */
	};
	rootObject = F13782F5291C23B200AB4C3C /* Project object */;
}
